
Microsoft Visual Studio Solution File, Format Version 12.00
# Visual Studio Version 17
VisualStudioVersion = 17.4.33205.214
MinimumVisualStudioVersion = 10.0.40219.1
Project("{9092AA53-FB77-4645-B42D-1CCCA6BD08BD}") = "TetrisRESTful", "TetrisRESTful\TetrisRESTful.njsproj", "{B84B6B13-00F2-4604-95EA-4F5C5436C529}"
EndProject
Project("{00D1A9C2-B5F0-4AF3-8072-F6C62B433612}") = "TetrisDbInitialization", "TetrisDbInitialization\TetrisDbInitialization.sqlproj", "{E99EABD9-2D95-4DF2-BDCA-D8AA80124CD1}"
EndProject
Global
	GlobalSection(SolutionConfigurationPlatforms) = preSolution
		Debug|Any CPU = Debug|Any CPU
		Release|Any CPU = Release|Any CPU
	EndGlobalSection
	GlobalSection(ProjectConfigurationPlatforms) = postSolution
		{B84B6B13-00F2-4604-95EA-4F5C5436C529}.Debug|Any CPU.ActiveCfg = Debug|Any CPU
		{B84B6B13-00F2-4604-95EA-4F5C5436C529}.Debug|Any CPU.Build.0 = Debug|Any CPU
		{B84B6B13-00F2-4604-95EA-4F5C5436C529}.Release|Any CPU.ActiveCfg = Release|Any CPU
		{B84B6B13-00F2-4604-95EA-4F5C5436C529}.Release|Any CPU.Build.0 = Release|Any CPU
		{E99EABD9-2D95-4DF2-BDCA-D8AA80124CD1}.Debug|Any CPU.ActiveCfg = Debug|Any CPU
		{E99EABD9-2D95-4DF2-BDCA-D8AA80124CD1}.Debug|Any CPU.Build.0 = Debug|Any CPU
		{E99EABD9-2D95-4DF2-BDCA-D8AA80124CD1}.Debug|Any CPU.Deploy.0 = Debug|Any CPU
		{E99EABD9-2D95-4DF2-BDCA-D8AA80124CD1}.Release|Any CPU.ActiveCfg = Release|Any CPU
		{E99EABD9-2D95-4DF2-BDCA-D8AA80124CD1}.Release|Any CPU.Build.0 = Release|Any CPU
		{E99EABD9-2D95-4DF2-BDCA-D8AA80124CD1}.Release|Any CPU.Deploy.0 = Release|Any CPU
	EndGlobalSection
	GlobalSection(SolutionProperties) = preSolution
		HideSolutionNode = FALSE
	EndGlobalSection
	GlobalSection(ExtensibilityGlobals) = postSolution
		SolutionGuid = {419E929E-22A9-4A53-B27A-E23E222B6355}
	EndGlobalSection
EndGlobal
